// !$*UTF8*$!
{
	archiveVersion = 1;
	classes = {
	};
	objectVersion = 56;
	objects = {

/* Begin PBXBuildFile section */
		6D08A29928F0003400A36316 /* AppDelegate.swift in Sources */ = {isa = PBXBuildFile; fileRef = 6D08A25D28F0003400A36316 /* AppDelegate.swift */; };
		6D08A29A28F0003400A36316 /* SceneDelegate.swift in Sources */ = {isa = PBXBuildFile; fileRef = 6D08A25E28F0003400A36316 /* SceneDelegate.swift */; };
		6D08A29B28F0003400A36316 /* CENavigationController.swift in Sources */ = {isa = PBXBuildFile; fileRef = 6D08A26028F0003400A36316 /* CENavigationController.swift */; };
		6D08A29C28F0003400A36316 /* CEReactiveGradientButton.swift in Sources */ = {isa = PBXBuildFile; fileRef = 6D08A26228F0003400A36316 /* CEReactiveGradientButton.swift */; };
		6D08A29D28F0003400A36316 /* CECurrencyTextField.swift in Sources */ = {isa = PBXBuildFile; fileRef = 6D08A26428F0003400A36316 /* CECurrencyTextField.swift */; };
		6D08A29E28F0003400A36316 /* CEViewController.swift in Sources */ = {isa = PBXBuildFile; fileRef = 6D08A26528F0003400A36316 /* CEViewController.swift */; };
		6D08A29F28F0003400A36316 /* CEBalanceLabel.swift in Sources */ = {isa = PBXBuildFile; fileRef = 6D08A26728F0003400A36316 /* CEBalanceLabel.swift */; };
		6D08A2A028F0003400A36316 /* CERestrictedUpdateLabel.swift in Sources */ = {isa = PBXBuildFile; fileRef = 6D08A26828F0003400A36316 /* CERestrictedUpdateLabel.swift */; };
		6D08A2A128F0003400A36316 /* CEDiviederView.swift in Sources */ = {isa = PBXBuildFile; fileRef = 6D08A26A28F0003400A36316 /* CEDiviederView.swift */; };
		6D08A2A228F0003400A36316 /* Assets.xcassets in Resources */ = {isa = PBXBuildFile; fileRef = 6D08A26C28F0003400A36316 /* Assets.xcassets */; };
		6D08A2A328F0003400A36316 /* LaunchScreen.storyboard in Resources */ = {isa = PBXBuildFile; fileRef = 6D08A26D28F0003400A36316 /* LaunchScreen.storyboard */; };
		6D08A2A428F0003400A36316 /* Utilities.swift in Sources */ = {isa = PBXBuildFile; fileRef = 6D08A27028F0003400A36316 /* Utilities.swift */; };
		6D08A2A528F0003400A36316 /* UserBalance.swift in Sources */ = {isa = PBXBuildFile; fileRef = 6D08A27128F0003400A36316 /* UserBalance.swift */; };
		6D08A2A628F0003400A36316 /* CommissionCalculator.swift in Sources */ = {isa = PBXBuildFile; fileRef = 6D08A27328F0003400A36316 /* CommissionCalculator.swift */; };
		6D08A2A728F0003400A36316 /* RegularCommissionProcessor.swift in Sources */ = {isa = PBXBuildFile; fileRef = 6D08A27528F0003400A36316 /* RegularCommissionProcessor.swift */; };
		6D08A2A828F0003400A36316 /* FreeUntilAmountCommissionProcessor.swift in Sources */ = {isa = PBXBuildFile; fileRef = 6D08A27628F0003400A36316 /* FreeUntilAmountCommissionProcessor.swift */; };
		6D08A2A928F0003400A36316 /* FreeOfChargeCommissionProcessor.swift in Sources */ = {isa = PBXBuildFile; fileRef = 6D08A27728F0003400A36316 /* FreeOfChargeCommissionProcessor.swift */; };
		6D08A2AA28F0003400A36316 /* CommissionProcessor.swift in Sources */ = {isa = PBXBuildFile; fileRef = 6D08A27828F0003400A36316 /* CommissionProcessor.swift */; };
		6D08A2AB28F0003400A36316 /* Formatters.swift in Sources */ = {isa = PBXBuildFile; fileRef = 6D08A27928F0003400A36316 /* Formatters.swift */; };
		6D08A2AC28F0003400A36316 /* CurrencyConverterViewModel.swift in Sources */ = {isa = PBXBuildFile; fileRef = 6D08A27D28F0003400A36316 /* CurrencyConverterViewModel.swift */; };
		6D08A2AD28F0003400A36316 /* CurrencyConverterController.swift in Sources */ = {isa = PBXBuildFile; fileRef = 6D08A27F28F0003400A36316 /* CurrencyConverterController.swift */; };
		6D08A2AE28F0003400A36316 /* CCExchangeOperationFooter.swift in Sources */ = {isa = PBXBuildFile; fileRef = 6D08A28128F0003400A36316 /* CCExchangeOperationFooter.swift */; };
		6D08A2AF28F0003400A36316 /* CCExchangeOperationView.swift in Sources */ = {isa = PBXBuildFile; fileRef = 6D08A28228F0003400A36316 /* CCExchangeOperationView.swift */; };
		6D08A2B028F0003400A36316 /* CCTitleCollectionViewHeader.swift in Sources */ = {isa = PBXBuildFile; fileRef = 6D08A28328F0003400A36316 /* CCTitleCollectionViewHeader.swift */; };
		6D08A2B128F0003400A36316 /* CCBalanceCollectionViewCell.swift in Sources */ = {isa = PBXBuildFile; fileRef = 6D08A28428F0003400A36316 /* CCBalanceCollectionViewCell.swift */; };
		6D08A2B228F0003400A36316 /* CCReceiveAmountLabel.swift in Sources */ = {isa = PBXBuildFile; fileRef = 6D08A28528F0003400A36316 /* CCReceiveAmountLabel.swift */; };
		6D08A2B328F0003400A36316 /* UITableViewExtensions.swift in Sources */ = {isa = PBXBuildFile; fileRef = 6D08A28728F0003400A36316 /* UITableViewExtensions.swift */; };
		6D08A2B428F0003400A36316 /* UIViewControllerExtensions.swift in Sources */ = {isa = PBXBuildFile; fileRef = 6D08A28828F0003400A36316 /* UIViewControllerExtensions.swift */; };
		6D08A2B528F0003400A36316 /* UIViewExtensions.swift in Sources */ = {isa = PBXBuildFile; fileRef = 6D08A28928F0003400A36316 /* UIViewExtensions.swift */; };
		6D08A2B628F0003400A36316 /* DecimalExtension.swift in Sources */ = {isa = PBXBuildFile; fileRef = 6D08A28A28F0003400A36316 /* DecimalExtension.swift */; };
		6D08A2B728F0003400A36316 /* UIButtonExtensions.swift in Sources */ = {isa = PBXBuildFile; fileRef = 6D08A28B28F0003400A36316 /* UIButtonExtensions.swift */; };
		6D08A2B828F0003400A36316 /* UIColorExtensions.swift in Sources */ = {isa = PBXBuildFile; fileRef = 6D08A28C28F0003400A36316 /* UIColorExtensions.swift */; };
		6D08A2B928F0003400A36316 /* CurrencyPickerViewModel.swift in Sources */ = {isa = PBXBuildFile; fileRef = 6D08A29028F0003400A36316 /* CurrencyPickerViewModel.swift */; };
		6D08A2BA28F0003400A36316 /* CurrencyPickerModalController.swift in Sources */ = {isa = PBXBuildFile; fileRef = 6D08A29228F0003400A36316 /* CurrencyPickerModalController.swift */; };
		6D08A2BB28F0003400A36316 /* CPHeaderView.swift in Sources */ = {isa = PBXBuildFile; fileRef = 6D08A29428F0003400A36316 /* CPHeaderView.swift */; };
		6D08A2BC28F0003400A36316 /* CPCurrencyCell.swift in Sources */ = {isa = PBXBuildFile; fileRef = 6D08A29528F0003400A36316 /* CPCurrencyCell.swift */; };
		6D08A2BD28F0003400A36316 /* CPInlineButtonView.swift in Sources */ = {isa = PBXBuildFile; fileRef = 6D08A29628F0003400A36316 /* CPInlineButtonView.swift */; };
		6D08A2BE28F0003400A36316 /* CurrencyPickerDelegate.swift in Sources */ = {isa = PBXBuildFile; fileRef = 6D08A29828F0003400A36316 /* CurrencyPickerDelegate.swift */; };
		6D08A2D528F0004A00A36316 /* CurrencyPickerViewModelTests.swift in Sources */ = {isa = PBXBuildFile; fileRef = 6D08A2C228F0004A00A36316 /* CurrencyPickerViewModelTests.swift */; };
		6D08A2D628F0004A00A36316 /* CPInlineButtonViewTests.swift in Sources */ = {isa = PBXBuildFile; fileRef = 6D08A2C428F0004A00A36316 /* CPInlineButtonViewTests.swift */; };
		6D08A2D728F0004A00A36316 /* CECurrencyTextFieldTests.swift in Sources */ = {isa = PBXBuildFile; fileRef = 6D08A2C728F0004A00A36316 /* CECurrencyTextFieldTests.swift */; };
		6D08A2D828F0004A00A36316 /* CEBalanceLabelTests.swift in Sources */ = {isa = PBXBuildFile; fileRef = 6D08A2C928F0004A00A36316 /* CEBalanceLabelTests.swift */; };
		6D08A2D928F0004A00A36316 /* CENavigationControllerTests.swift in Sources */ = {isa = PBXBuildFile; fileRef = 6D08A2CA28F0004A00A36316 /* CENavigationControllerTests.swift */; };
		6D08A2DA28F0004A00A36316 /* CurrencyConverterViewModelTests.swift in Sources */ = {isa = PBXBuildFile; fileRef = 6D08A2CE28F0004A00A36316 /* CurrencyConverterViewModelTests.swift */; };
		6D08A2DB28F0004A00A36316 /* FormattersTests.swift in Sources */ = {isa = PBXBuildFile; fileRef = 6D08A2D028F0004A00A36316 /* FormattersTests.swift */; };
		6D08A2DC28F0004A00A36316 /* CommissionProcessorTests.swift in Sources */ = {isa = PBXBuildFile; fileRef = 6D08A2D228F0004A00A36316 /* CommissionProcessorTests.swift */; };
		6D08A2DD28F0004A00A36316 /* CommissionCalculatorTests.swift in Sources */ = {isa = PBXBuildFile; fileRef = 6D08A2D328F0004A00A36316 /* CommissionCalculatorTests.swift */; };
		6D08A2DE28F0004A00A36316 /* UserBalanceTests.swift in Sources */ = {isa = PBXBuildFile; fileRef = 6D08A2D428F0004A00A36316 /* UserBalanceTests.swift */; };
		6D08A2E128F000F400A36316 /* RxCocoa in Frameworks */ = {isa = PBXBuildFile; productRef = 6D08A2E028F000F400A36316 /* RxCocoa */; };
		6D08A2E328F000F400A36316 /* RxRelay in Frameworks */ = {isa = PBXBuildFile; productRef = 6D08A2E228F000F400A36316 /* RxRelay */; };
		6D08A2E528F000F400A36316 /* RxSwift in Frameworks */ = {isa = PBXBuildFile; productRef = 6D08A2E428F000F400A36316 /* RxSwift */; };
		6D08A2E828F0010F00A36316 /* PanModal in Frameworks */ = {isa = PBXBuildFile; productRef = 6D08A2E728F0010F00A36316 /* PanModal */; };
		6D08A2EB28F001B800A36316 /* ProgressHUD in Frameworks */ = {isa = PBXBuildFile; productRef = 6D08A2EA28F001B800A36316 /* ProgressHUD */; };
		6D08A2EE28F001D600A36316 /* SnapKit in Frameworks */ = {isa = PBXBuildFile; productRef = 6D08A2ED28F001D600A36316 /* SnapKit */; };
		6D08A2F128F001EE00A36316 /* Factory in Frameworks */ = {isa = PBXBuildFile; productRef = 6D08A2F028F001EE00A36316 /* Factory */; };
/* End PBXBuildFile section */

/* Begin PBXContainerItemProxy section */
		6D08A24028F0000400A36316 /* PBXContainerItemProxy */ = {
			isa = PBXContainerItemProxy;
			containerPortal = 6D08A22128F0000200A36316 /* Project object */;
			proxyType = 1;
			remoteGlobalIDString = 6D08A22828F0000200A36316;
			remoteInfo = CurrencyExchange;
		};
/* End PBXContainerItemProxy section */

/* Begin PBXFileReference section */
		6D08A22928F0000200A36316 /* CurrencyExchange.app */ = {isa = PBXFileReference; explicitFileType = wrapper.application; includeInIndex = 0; path = CurrencyExchange.app; sourceTree = BUILT_PRODUCTS_DIR; };
		6D08A23A28F0000400A36316 /* Info.plist */ = {isa = PBXFileReference; lastKnownFileType = text.plist.xml; path = Info.plist; sourceTree = "<group>"; };
		6D08A23F28F0000400A36316 /* CurrencyExchangeTests.xctest */ = {isa = PBXFileReference; explicitFileType = wrapper.cfbundle; includeInIndex = 0; path = CurrencyExchangeTests.xctest; sourceTree = BUILT_PRODUCTS_DIR; };
		6D08A25D28F0003400A36316 /* AppDelegate.swift */ = {isa = PBXFileReference; fileEncoding = 4; lastKnownFileType = sourcecode.swift; path = AppDelegate.swift; sourceTree = "<group>"; };
		6D08A25E28F0003400A36316 /* SceneDelegate.swift */ = {isa = PBXFileReference; fileEncoding = 4; lastKnownFileType = sourcecode.swift; path = SceneDelegate.swift; sourceTree = "<group>"; };
		6D08A26028F0003400A36316 /* CENavigationController.swift */ = {isa = PBXFileReference; fileEncoding = 4; lastKnownFileType = sourcecode.swift; path = CENavigationController.swift; sourceTree = "<group>"; };
		6D08A26228F0003400A36316 /* CEReactiveGradientButton.swift */ = {isa = PBXFileReference; fileEncoding = 4; lastKnownFileType = sourcecode.swift; path = CEReactiveGradientButton.swift; sourceTree = "<group>"; };
		6D08A26428F0003400A36316 /* CECurrencyTextField.swift */ = {isa = PBXFileReference; fileEncoding = 4; lastKnownFileType = sourcecode.swift; path = CECurrencyTextField.swift; sourceTree = "<group>"; };
		6D08A26528F0003400A36316 /* CEViewController.swift */ = {isa = PBXFileReference; fileEncoding = 4; lastKnownFileType = sourcecode.swift; path = CEViewController.swift; sourceTree = "<group>"; };
		6D08A26728F0003400A36316 /* CEBalanceLabel.swift */ = {isa = PBXFileReference; fileEncoding = 4; lastKnownFileType = sourcecode.swift; path = CEBalanceLabel.swift; sourceTree = "<group>"; };
		6D08A26828F0003400A36316 /* CERestrictedUpdateLabel.swift */ = {isa = PBXFileReference; fileEncoding = 4; lastKnownFileType = sourcecode.swift; path = CERestrictedUpdateLabel.swift; sourceTree = "<group>"; };
		6D08A26A28F0003400A36316 /* CEDiviederView.swift */ = {isa = PBXFileReference; fileEncoding = 4; lastKnownFileType = sourcecode.swift; path = CEDiviederView.swift; sourceTree = "<group>"; };
		6D08A26C28F0003400A36316 /* Assets.xcassets */ = {isa = PBXFileReference; lastKnownFileType = folder.assetcatalog; path = Assets.xcassets; sourceTree = "<group>"; };
		6D08A26E28F0003400A36316 /* Base */ = {isa = PBXFileReference; lastKnownFileType = file.storyboard; name = Base; path = Base.lproj/LaunchScreen.storyboard; sourceTree = "<group>"; };
		6D08A27028F0003400A36316 /* Utilities.swift */ = {isa = PBXFileReference; fileEncoding = 4; lastKnownFileType = sourcecode.swift; path = Utilities.swift; sourceTree = "<group>"; };
		6D08A27128F0003400A36316 /* UserBalance.swift */ = {isa = PBXFileReference; fileEncoding = 4; lastKnownFileType = sourcecode.swift; path = UserBalance.swift; sourceTree = "<group>"; };
		6D08A27328F0003400A36316 /* CommissionCalculator.swift */ = {isa = PBXFileReference; fileEncoding = 4; lastKnownFileType = sourcecode.swift; path = CommissionCalculator.swift; sourceTree = "<group>"; };
		6D08A27528F0003400A36316 /* RegularCommissionProcessor.swift */ = {isa = PBXFileReference; fileEncoding = 4; lastKnownFileType = sourcecode.swift; path = RegularCommissionProcessor.swift; sourceTree = "<group>"; };
		6D08A27628F0003400A36316 /* FreeUntilAmountCommissionProcessor.swift */ = {isa = PBXFileReference; fileEncoding = 4; lastKnownFileType = sourcecode.swift; path = FreeUntilAmountCommissionProcessor.swift; sourceTree = "<group>"; };
		6D08A27728F0003400A36316 /* FreeOfChargeCommissionProcessor.swift */ = {isa = PBXFileReference; fileEncoding = 4; lastKnownFileType = sourcecode.swift; path = FreeOfChargeCommissionProcessor.swift; sourceTree = "<group>"; };
		6D08A27828F0003400A36316 /* CommissionProcessor.swift */ = {isa = PBXFileReference; fileEncoding = 4; lastKnownFileType = sourcecode.swift; path = CommissionProcessor.swift; sourceTree = "<group>"; };
		6D08A27928F0003400A36316 /* Formatters.swift */ = {isa = PBXFileReference; fileEncoding = 4; lastKnownFileType = sourcecode.swift; path = Formatters.swift; sourceTree = "<group>"; };
		6D08A27D28F0003400A36316 /* CurrencyConverterViewModel.swift */ = {isa = PBXFileReference; fileEncoding = 4; lastKnownFileType = sourcecode.swift; path = CurrencyConverterViewModel.swift; sourceTree = "<group>"; };
		6D08A27F28F0003400A36316 /* CurrencyConverterController.swift */ = {isa = PBXFileReference; fileEncoding = 4; lastKnownFileType = sourcecode.swift; path = CurrencyConverterController.swift; sourceTree = "<group>"; };
		6D08A28128F0003400A36316 /* CCExchangeOperationFooter.swift */ = {isa = PBXFileReference; fileEncoding = 4; lastKnownFileType = sourcecode.swift; path = CCExchangeOperationFooter.swift; sourceTree = "<group>"; };
		6D08A28228F0003400A36316 /* CCExchangeOperationView.swift */ = {isa = PBXFileReference; fileEncoding = 4; lastKnownFileType = sourcecode.swift; path = CCExchangeOperationView.swift; sourceTree = "<group>"; };
		6D08A28328F0003400A36316 /* CCTitleCollectionViewHeader.swift */ = {isa = PBXFileReference; fileEncoding = 4; lastKnownFileType = sourcecode.swift; path = CCTitleCollectionViewHeader.swift; sourceTree = "<group>"; };
		6D08A28428F0003400A36316 /* CCBalanceCollectionViewCell.swift */ = {isa = PBXFileReference; fileEncoding = 4; lastKnownFileType = sourcecode.swift; path = CCBalanceCollectionViewCell.swift; sourceTree = "<group>"; };
		6D08A28528F0003400A36316 /* CCReceiveAmountLabel.swift */ = {isa = PBXFileReference; fileEncoding = 4; lastKnownFileType = sourcecode.swift; path = CCReceiveAmountLabel.swift; sourceTree = "<group>"; };
		6D08A28728F0003400A36316 /* UITableViewExtensions.swift */ = {isa = PBXFileReference; fileEncoding = 4; lastKnownFileType = sourcecode.swift; path = UITableViewExtensions.swift; sourceTree = "<group>"; };
		6D08A28828F0003400A36316 /* UIViewControllerExtensions.swift */ = {isa = PBXFileReference; fileEncoding = 4; lastKnownFileType = sourcecode.swift; path = UIViewControllerExtensions.swift; sourceTree = "<group>"; };
		6D08A28928F0003400A36316 /* UIViewExtensions.swift */ = {isa = PBXFileReference; fileEncoding = 4; lastKnownFileType = sourcecode.swift; path = UIViewExtensions.swift; sourceTree = "<group>"; };
		6D08A28A28F0003400A36316 /* DecimalExtension.swift */ = {isa = PBXFileReference; fileEncoding = 4; lastKnownFileType = sourcecode.swift; path = DecimalExtension.swift; sourceTree = "<group>"; };
		6D08A28B28F0003400A36316 /* UIButtonExtensions.swift */ = {isa = PBXFileReference; fileEncoding = 4; lastKnownFileType = sourcecode.swift; path = UIButtonExtensions.swift; sourceTree = "<group>"; };
		6D08A28C28F0003400A36316 /* UIColorExtensions.swift */ = {isa = PBXFileReference; fileEncoding = 4; lastKnownFileType = sourcecode.swift; path = UIColorExtensions.swift; sourceTree = "<group>"; };
		6D08A29028F0003400A36316 /* CurrencyPickerViewModel.swift */ = {isa = PBXFileReference; fileEncoding = 4; lastKnownFileType = sourcecode.swift; path = CurrencyPickerViewModel.swift; sourceTree = "<group>"; };
		6D08A29228F0003400A36316 /* CurrencyPickerModalController.swift */ = {isa = PBXFileReference; fileEncoding = 4; lastKnownFileType = sourcecode.swift; path = CurrencyPickerModalController.swift; sourceTree = "<group>"; };
		6D08A29428F0003400A36316 /* CPHeaderView.swift */ = {isa = PBXFileReference; fileEncoding = 4; lastKnownFileType = sourcecode.swift; path = CPHeaderView.swift; sourceTree = "<group>"; };
		6D08A29528F0003400A36316 /* CPCurrencyCell.swift */ = {isa = PBXFileReference; fileEncoding = 4; lastKnownFileType = sourcecode.swift; path = CPCurrencyCell.swift; sourceTree = "<group>"; };
		6D08A29628F0003400A36316 /* CPInlineButtonView.swift */ = {isa = PBXFileReference; fileEncoding = 4; lastKnownFileType = sourcecode.swift; path = CPInlineButtonView.swift; sourceTree = "<group>"; };
		6D08A29828F0003400A36316 /* CurrencyPickerDelegate.swift */ = {isa = PBXFileReference; fileEncoding = 4; lastKnownFileType = sourcecode.swift; path = CurrencyPickerDelegate.swift; sourceTree = "<group>"; };
		6D08A2C228F0004A00A36316 /* CurrencyPickerViewModelTests.swift */ = {isa = PBXFileReference; fileEncoding = 4; lastKnownFileType = sourcecode.swift; path = CurrencyPickerViewModelTests.swift; sourceTree = "<group>"; };
		6D08A2C428F0004A00A36316 /* CPInlineButtonViewTests.swift */ = {isa = PBXFileReference; fileEncoding = 4; lastKnownFileType = sourcecode.swift; path = CPInlineButtonViewTests.swift; sourceTree = "<group>"; };
		6D08A2C728F0004A00A36316 /* CECurrencyTextFieldTests.swift */ = {isa = PBXFileReference; fileEncoding = 4; lastKnownFileType = sourcecode.swift; path = CECurrencyTextFieldTests.swift; sourceTree = "<group>"; };
		6D08A2C928F0004A00A36316 /* CEBalanceLabelTests.swift */ = {isa = PBXFileReference; fileEncoding = 4; lastKnownFileType = sourcecode.swift; path = CEBalanceLabelTests.swift; sourceTree = "<group>"; };
		6D08A2CA28F0004A00A36316 /* CENavigationControllerTests.swift */ = {isa = PBXFileReference; fileEncoding = 4; lastKnownFileType = sourcecode.swift; path = CENavigationControllerTests.swift; sourceTree = "<group>"; };
		6D08A2CE28F0004A00A36316 /* CurrencyConverterViewModelTests.swift */ = {isa = PBXFileReference; fileEncoding = 4; lastKnownFileType = sourcecode.swift; path = CurrencyConverterViewModelTests.swift; sourceTree = "<group>"; };
		6D08A2D028F0004A00A36316 /* FormattersTests.swift */ = {isa = PBXFileReference; fileEncoding = 4; lastKnownFileType = sourcecode.swift; path = FormattersTests.swift; sourceTree = "<group>"; };
		6D08A2D228F0004A00A36316 /* CommissionProcessorTests.swift */ = {isa = PBXFileReference; fileEncoding = 4; lastKnownFileType = sourcecode.swift; path = CommissionProcessorTests.swift; sourceTree = "<group>"; };
		6D08A2D328F0004A00A36316 /* CommissionCalculatorTests.swift */ = {isa = PBXFileReference; fileEncoding = 4; lastKnownFileType = sourcecode.swift; path = CommissionCalculatorTests.swift; sourceTree = "<group>"; };
		6D08A2D428F0004A00A36316 /* UserBalanceTests.swift */ = {isa = PBXFileReference; fileEncoding = 4; lastKnownFileType = sourcecode.swift; path = UserBalanceTests.swift; sourceTree = "<group>"; };
/* End PBXFileReference section */

/* Begin PBXFrameworksBuildPhase section */
		6D08A22628F0000200A36316 /* Frameworks */ = {
			isa = PBXFrameworksBuildPhase;
			buildActionMask = 2147483647;
			files = (
				6D08A2EB28F001B800A36316 /* ProgressHUD in Frameworks */,
				6D08A2E828F0010F00A36316 /* PanModal in Frameworks */,
				6D08A2F128F001EE00A36316 /* Factory in Frameworks */,
				6D08A2E528F000F400A36316 /* RxSwift in Frameworks */,
				6D08A2EE28F001D600A36316 /* SnapKit in Frameworks */,
				6D08A2E328F000F400A36316 /* RxRelay in Frameworks */,
				6D08A2E128F000F400A36316 /* RxCocoa in Frameworks */,
			);
			runOnlyForDeploymentPostprocessing = 0;
		};
		6D08A23C28F0000400A36316 /* Frameworks */ = {
			isa = PBXFrameworksBuildPhase;
			buildActionMask = 2147483647;
			files = (
			);
			runOnlyForDeploymentPostprocessing = 0;
		};
/* End PBXFrameworksBuildPhase section */

/* Begin PBXGroup section */
		6D08A22028F0000200A36316 = {
			isa = PBXGroup;
			children = (
				6D08A22B28F0000200A36316 /* CurrencyExchange */,
				6D08A24228F0000400A36316 /* CurrencyExchangeTests */,
				6D08A22A28F0000200A36316 /* Products */,
			);
			sourceTree = "<group>";
		};
		6D08A22A28F0000200A36316 /* Products */ = {
			isa = PBXGroup;
			children = (
				6D08A22928F0000200A36316 /* CurrencyExchange.app */,
				6D08A23F28F0000400A36316 /* CurrencyExchangeTests.xctest */,
			);
			name = Products;
			sourceTree = "<group>";
		};
		6D08A22B28F0000200A36316 /* CurrencyExchange */ = {
			isa = PBXGroup;
			children = (
				6D08A23A28F0000400A36316 /* Info.plist */,
				6D08A25C28F0003400A36316 /* AppSceneDelegate */,
				6D08A26B28F0003400A36316 /* Resources */,
				6D08A28628F0003400A36316 /* Extensions */,
				6D08A26F28F0003400A36316 /* Helpers */,
				6D08A25F28F0003400A36316 /* CE-UiKit-Library */,
				6D08A28D28F0003400A36316 /* Modals */,
				6D08A27A28F0003400A36316 /* Modules */,
			);
			path = CurrencyExchange;
			sourceTree = "<group>";
		};
		6D08A24228F0000400A36316 /* CurrencyExchangeTests */ = {
			isa = PBXGroup;
			children = (
				6D08A2C528F0004A00A36316 /* CE-UiKit-Library */,
				6D08A2CF28F0004A00A36316 /* Helpers */,
				6D08A2BF28F0004A00A36316 /* Modals */,
				6D08A2CB28F0004A00A36316 /* Modules */,
			);
			path = CurrencyExchangeTests;
			sourceTree = "<group>";
		};
		6D08A25C28F0003400A36316 /* AppSceneDelegate */ = {
			isa = PBXGroup;
			children = (
				6D08A25D28F0003400A36316 /* AppDelegate.swift */,
				6D08A25E28F0003400A36316 /* SceneDelegate.swift */,
			);
			path = AppSceneDelegate;
			sourceTree = "<group>";
		};
		6D08A25F28F0003400A36316 /* CE-UiKit-Library */ = {
			isa = PBXGroup;
			children = (
				6D08A26928F0003400A36316 /* Views */,
				6D08A26628F0003400A36316 /* Labels */,
				6D08A26328F0003400A36316 /* TextFields */,
				6D08A26128F0003400A36316 /* Buttons */,
				6D08A26028F0003400A36316 /* CENavigationController.swift */,
				6D08A26528F0003400A36316 /* CEViewController.swift */,
			);
			path = "CE-UiKit-Library";
			sourceTree = "<group>";
		};
		6D08A26128F0003400A36316 /* Buttons */ = {
			isa = PBXGroup;
			children = (
				6D08A26228F0003400A36316 /* CEReactiveGradientButton.swift */,
			);
			path = Buttons;
			sourceTree = "<group>";
		};
		6D08A26328F0003400A36316 /* TextFields */ = {
			isa = PBXGroup;
			children = (
				6D08A26428F0003400A36316 /* CECurrencyTextField.swift */,
			);
			path = TextFields;
			sourceTree = "<group>";
		};
		6D08A26628F0003400A36316 /* Labels */ = {
			isa = PBXGroup;
			children = (
				6D08A26728F0003400A36316 /* CEBalanceLabel.swift */,
				6D08A26828F0003400A36316 /* CERestrictedUpdateLabel.swift */,
			);
			path = Labels;
			sourceTree = "<group>";
		};
		6D08A26928F0003400A36316 /* Views */ = {
			isa = PBXGroup;
			children = (
				6D08A26A28F0003400A36316 /* CEDiviederView.swift */,
			);
			path = Views;
			sourceTree = "<group>";
		};
		6D08A26B28F0003400A36316 /* Resources */ = {
			isa = PBXGroup;
			children = (
				6D08A26C28F0003400A36316 /* Assets.xcassets */,
				6D08A26D28F0003400A36316 /* LaunchScreen.storyboard */,
			);
			path = Resources;
			sourceTree = "<group>";
		};
		6D08A26F28F0003400A36316 /* Helpers */ = {
			isa = PBXGroup;
			children = (
				6D08A27228F0003400A36316 /* CommissionCalculator */,
				6D08A27128F0003400A36316 /* UserBalance.swift */,
				6D08A27928F0003400A36316 /* Formatters.swift */,
				6D08A27028F0003400A36316 /* Utilities.swift */,
			);
			path = Helpers;
			sourceTree = "<group>";
		};
		6D08A27228F0003400A36316 /* CommissionCalculator */ = {
			isa = PBXGroup;
			children = (
				6D08A27328F0003400A36316 /* CommissionCalculator.swift */,
				6D08A27428F0003400A36316 /* CommissionProcessors */,
			);
			path = CommissionCalculator;
			sourceTree = "<group>";
		};
		6D08A27428F0003400A36316 /* CommissionProcessors */ = {
			isa = PBXGroup;
			children = (
				6D08A27528F0003400A36316 /* RegularCommissionProcessor.swift */,
				6D08A27628F0003400A36316 /* FreeUntilAmountCommissionProcessor.swift */,
				6D08A27728F0003400A36316 /* FreeOfChargeCommissionProcessor.swift */,
				6D08A27828F0003400A36316 /* CommissionProcessor.swift */,
			);
			path = CommissionProcessors;
			sourceTree = "<group>";
		};
		6D08A27A28F0003400A36316 /* Modules */ = {
			isa = PBXGroup;
			children = (
				6D08A27B28F0003400A36316 /* CurrencyConverter */,
			);
			path = Modules;
			sourceTree = "<group>";
		};
		6D08A27B28F0003400A36316 /* CurrencyConverter */ = {
			isa = PBXGroup;
			children = (
				6D08A28028F0003400A36316 /* Views */,
				6D08A27C28F0003400A36316 /* ViewModel */,
				6D08A27E28F0003400A36316 /* Controller */,
			);
			path = CurrencyConverter;
			sourceTree = "<group>";
		};
		6D08A27C28F0003400A36316 /* ViewModel */ = {
			isa = PBXGroup;
			children = (
				6D08A27D28F0003400A36316 /* CurrencyConverterViewModel.swift */,
			);
			path = ViewModel;
			sourceTree = "<group>";
		};
		6D08A27E28F0003400A36316 /* Controller */ = {
			isa = PBXGroup;
			children = (
				6D08A27F28F0003400A36316 /* CurrencyConverterController.swift */,
			);
			path = Controller;
			sourceTree = "<group>";
		};
		6D08A28028F0003400A36316 /* Views */ = {
			isa = PBXGroup;
			children = (
				6D08A28328F0003400A36316 /* CCTitleCollectionViewHeader.swift */,
				6D08A28428F0003400A36316 /* CCBalanceCollectionViewCell.swift */,
				6D08A28128F0003400A36316 /* CCExchangeOperationFooter.swift */,
				6D08A28228F0003400A36316 /* CCExchangeOperationView.swift */,
				6D08A28528F0003400A36316 /* CCReceiveAmountLabel.swift */,
			);
			path = Views;
			sourceTree = "<group>";
		};
		6D08A28628F0003400A36316 /* Extensions */ = {
			isa = PBXGroup;
			children = (
				6D08A28728F0003400A36316 /* UITableViewExtensions.swift */,
				6D08A28828F0003400A36316 /* UIViewControllerExtensions.swift */,
				6D08A28928F0003400A36316 /* UIViewExtensions.swift */,
				6D08A28A28F0003400A36316 /* DecimalExtension.swift */,
				6D08A28B28F0003400A36316 /* UIButtonExtensions.swift */,
				6D08A28C28F0003400A36316 /* UIColorExtensions.swift */,
			);
			path = Extensions;
			sourceTree = "<group>";
		};
		6D08A28D28F0003400A36316 /* Modals */ = {
			isa = PBXGroup;
			children = (
				6D08A28E28F0003400A36316 /* CurrencyPickerModal */,
			);
			path = Modals;
			sourceTree = "<group>";
		};
		6D08A28E28F0003400A36316 /* CurrencyPickerModal */ = {
			isa = PBXGroup;
			children = (
				6D08A29728F0003400A36316 /* Protocols */,
				6D08A29328F0003400A36316 /* Views */,
				6D08A28F28F0003400A36316 /* ViewModel */,
				6D08A29128F0003400A36316 /* Controller */,
			);
			path = CurrencyPickerModal;
			sourceTree = "<group>";
		};
		6D08A28F28F0003400A36316 /* ViewModel */ = {
			isa = PBXGroup;
			children = (
				6D08A29028F0003400A36316 /* CurrencyPickerViewModel.swift */,
			);
			path = ViewModel;
			sourceTree = "<group>";
		};
		6D08A29128F0003400A36316 /* Controller */ = {
			isa = PBXGroup;
			children = (
				6D08A29228F0003400A36316 /* CurrencyPickerModalController.swift */,
			);
			path = Controller;
			sourceTree = "<group>";
		};
		6D08A29328F0003400A36316 /* Views */ = {
			isa = PBXGroup;
			children = (
				6D08A29628F0003400A36316 /* CPInlineButtonView.swift */,
				6D08A29428F0003400A36316 /* CPHeaderView.swift */,
				6D08A29528F0003400A36316 /* CPCurrencyCell.swift */,
			);
			path = Views;
			sourceTree = "<group>";
		};
		6D08A29728F0003400A36316 /* Protocols */ = {
			isa = PBXGroup;
			children = (
				6D08A29828F0003400A36316 /* CurrencyPickerDelegate.swift */,
			);
			path = Protocols;
			sourceTree = "<group>";
		};
		6D08A2BF28F0004A00A36316 /* Modals */ = {
			isa = PBXGroup;
			children = (
				6D08A2C028F0004A00A36316 /* CurrencyPickerModal */,
			);
			path = Modals;
			sourceTree = "<group>";
		};
		6D08A2C028F0004A00A36316 /* CurrencyPickerModal */ = {
			isa = PBXGroup;
			children = (
				6D08A2C328F0004A00A36316 /* Views */,
				6D08A2C128F0004A00A36316 /* ViewModel */,
			);
			path = CurrencyPickerModal;
			sourceTree = "<group>";
		};
		6D08A2C128F0004A00A36316 /* ViewModel */ = {
			isa = PBXGroup;
			children = (
				6D08A2C228F0004A00A36316 /* CurrencyPickerViewModelTests.swift */,
			);
			path = ViewModel;
			sourceTree = "<group>";
		};
		6D08A2C328F0004A00A36316 /* Views */ = {
			isa = PBXGroup;
			children = (
				6D08A2C428F0004A00A36316 /* CPInlineButtonViewTests.swift */,
			);
			path = Views;
			sourceTree = "<group>";
		};
		6D08A2C528F0004A00A36316 /* CE-UiKit-Library */ = {
			isa = PBXGroup;
			children = (
				6D08A2C828F0004A00A36316 /* Labels */,
				6D08A2C628F0004A00A36316 /* TextFields */,
				6D08A2CA28F0004A00A36316 /* CENavigationControllerTests.swift */,
			);
			path = "CE-UiKit-Library";
			sourceTree = "<group>";
		};
		6D08A2C628F0004A00A36316 /* TextFields */ = {
			isa = PBXGroup;
			children = (
				6D08A2C728F0004A00A36316 /* CECurrencyTextFieldTests.swift */,
			);
			path = TextFields;
			sourceTree = "<group>";
		};
		6D08A2C828F0004A00A36316 /* Labels */ = {
			isa = PBXGroup;
			children = (
				6D08A2C928F0004A00A36316 /* CEBalanceLabelTests.swift */,
			);
			path = Labels;
			sourceTree = "<group>";
		};
		6D08A2CB28F0004A00A36316 /* Modules */ = {
			isa = PBXGroup;
			children = (
				6D08A2CC28F0004A00A36316 /* CurrencyConverter */,
			);
			path = Modules;
			sourceTree = "<group>";
		};
		6D08A2CC28F0004A00A36316 /* CurrencyConverter */ = {
			isa = PBXGroup;
			children = (
				6D08A2CD28F0004A00A36316 /* ViewModel */,
			);
			path = CurrencyConverter;
			sourceTree = "<group>";
		};
		6D08A2CD28F0004A00A36316 /* ViewModel */ = {
			isa = PBXGroup;
			children = (
				6D08A2CE28F0004A00A36316 /* CurrencyConverterViewModelTests.swift */,
			);
			path = ViewModel;
			sourceTree = "<group>";
		};
		6D08A2CF28F0004A00A36316 /* Helpers */ = {
			isa = PBXGroup;
			children = (
				6D08A2D128F0004A00A36316 /* CommissionCalculator */,
				6D08A2D028F0004A00A36316 /* FormattersTests.swift */,
				6D08A2D428F0004A00A36316 /* UserBalanceTests.swift */,
			);
			path = Helpers;
			sourceTree = "<group>";
		};
		6D08A2D128F0004A00A36316 /* CommissionCalculator */ = {
			isa = PBXGroup;
			children = (
				6D08A2D228F0004A00A36316 /* CommissionProcessorTests.swift */,
				6D08A2D328F0004A00A36316 /* CommissionCalculatorTests.swift */,
			);
			path = CommissionCalculator;
			sourceTree = "<group>";
		};
/* End PBXGroup section */

/* Begin PBXNativeTarget section */
		6D08A22828F0000200A36316 /* CurrencyExchange */ = {
			isa = PBXNativeTarget;
			buildConfigurationList = 6D08A25328F0000400A36316 /* Build configuration list for PBXNativeTarget "CurrencyExchange" */;
			buildPhases = (
				6D08A22528F0000200A36316 /* Sources */,
				6D08A22628F0000200A36316 /* Frameworks */,
				6D08A22728F0000200A36316 /* Resources */,
			);
			buildRules = (
			);
			dependencies = (
			);
			name = CurrencyExchange;
			packageProductDependencies = (
				6D08A2E028F000F400A36316 /* RxCocoa */,
				6D08A2E228F000F400A36316 /* RxRelay */,
				6D08A2E428F000F400A36316 /* RxSwift */,
				6D08A2E728F0010F00A36316 /* PanModal */,
				6D08A2EA28F001B800A36316 /* ProgressHUD */,
				6D08A2ED28F001D600A36316 /* SnapKit */,
				6D08A2F028F001EE00A36316 /* Factory */,
			);
			productName = CurrencyExchange;
			productReference = 6D08A22928F0000200A36316 /* CurrencyExchange.app */;
			productType = "com.apple.product-type.application";
		};
		6D08A23E28F0000400A36316 /* CurrencyExchangeTests */ = {
			isa = PBXNativeTarget;
			buildConfigurationList = 6D08A25628F0000400A36316 /* Build configuration list for PBXNativeTarget "CurrencyExchangeTests" */;
			buildPhases = (
				6D08A23B28F0000400A36316 /* Sources */,
				6D08A23C28F0000400A36316 /* Frameworks */,
				6D08A23D28F0000400A36316 /* Resources */,
			);
			buildRules = (
			);
			dependencies = (
				6D08A24128F0000400A36316 /* PBXTargetDependency */,
			);
			name = CurrencyExchangeTests;
			productName = CurrencyExchangeTests;
			productReference = 6D08A23F28F0000400A36316 /* CurrencyExchangeTests.xctest */;
			productType = "com.apple.product-type.bundle.unit-test";
		};
/* End PBXNativeTarget section */

/* Begin PBXProject section */
		6D08A22128F0000200A36316 /* Project object */ = {
			isa = PBXProject;
			attributes = {
				BuildIndependentTargetsInParallel = 1;
				LastSwiftUpdateCheck = 1400;
				LastUpgradeCheck = 1400;
				TargetAttributes = {
					6D08A22828F0000200A36316 = {
						CreatedOnToolsVersion = 14.0.1;
					};
					6D08A23E28F0000400A36316 = {
						CreatedOnToolsVersion = 14.0.1;
						TestTargetID = 6D08A22828F0000200A36316;
					};
				};
			};
			buildConfigurationList = 6D08A22428F0000200A36316 /* Build configuration list for PBXProject "CurrencyExchange" */;
			compatibilityVersion = "Xcode 14.0";
			developmentRegion = en;
			hasScannedForEncodings = 0;
			knownRegions = (
				en,
				Base,
			);
			mainGroup = 6D08A22028F0000200A36316;
			packageReferences = (
				6D08A2DF28F000F400A36316 /* XCRemoteSwiftPackageReference "RxSwift" */,
				6D08A2E628F0010F00A36316 /* XCRemoteSwiftPackageReference "PanModal" */,
				6D08A2E928F001B800A36316 /* XCRemoteSwiftPackageReference "ProgressHUD" */,
				6D08A2EC28F001D600A36316 /* XCRemoteSwiftPackageReference "SnapKit" */,
				6D08A2EF28F001EE00A36316 /* XCRemoteSwiftPackageReference "Factory" */,
			);
			productRefGroup = 6D08A22A28F0000200A36316 /* Products */;
			projectDirPath = "";
			projectRoot = "";
			targets = (
				6D08A22828F0000200A36316 /* CurrencyExchange */,
				6D08A23E28F0000400A36316 /* CurrencyExchangeTests */,
			);
		};
/* End PBXProject section */

/* Begin PBXResourcesBuildPhase section */
		6D08A22728F0000200A36316 /* Resources */ = {
			isa = PBXResourcesBuildPhase;
			buildActionMask = 2147483647;
			files = (
				6D08A2A328F0003400A36316 /* LaunchScreen.storyboard in Resources */,
				6D08A2A228F0003400A36316 /* Assets.xcassets in Resources */,
			);
			runOnlyForDeploymentPostprocessing = 0;
		};
		6D08A23D28F0000400A36316 /* Resources */ = {
			isa = PBXResourcesBuildPhase;
			buildActionMask = 2147483647;
			files = (
			);
			runOnlyForDeploymentPostprocessing = 0;
		};
/* End PBXResourcesBuildPhase section */

/* Begin PBXSourcesBuildPhase section */
		6D08A22528F0000200A36316 /* Sources */ = {
			isa = PBXSourcesBuildPhase;
			buildActionMask = 2147483647;
			files = (
				6D08A2B328F0003400A36316 /* UITableViewExtensions.swift in Sources */,
				6D08A2A628F0003400A36316 /* CommissionCalculator.swift in Sources */,
				6D08A2A128F0003400A36316 /* CEDiviederView.swift in Sources */,
				6D08A2BE28F0003400A36316 /* CurrencyPickerDelegate.swift in Sources */,
				6D08A2A528F0003400A36316 /* UserBalance.swift in Sources */,
				6D08A2A728F0003400A36316 /* RegularCommissionProcessor.swift in Sources */,
				6D08A29928F0003400A36316 /* AppDelegate.swift in Sources */,
				6D08A2AD28F0003400A36316 /* CurrencyConverterController.swift in Sources */,
				6D08A2AA28F0003400A36316 /* CommissionProcessor.swift in Sources */,
				6D08A2AE28F0003400A36316 /* CCExchangeOperationFooter.swift in Sources */,
				6D08A2BC28F0003400A36316 /* CPCurrencyCell.swift in Sources */,
				6D08A2B828F0003400A36316 /* UIColorExtensions.swift in Sources */,
				6D08A29F28F0003400A36316 /* CEBalanceLabel.swift in Sources */,
				6D08A29A28F0003400A36316 /* SceneDelegate.swift in Sources */,
				6D08A2B128F0003400A36316 /* CCBalanceCollectionViewCell.swift in Sources */,
				6D08A29E28F0003400A36316 /* CEViewController.swift in Sources */,
				6D08A2BD28F0003400A36316 /* CPInlineButtonView.swift in Sources */,
				6D08A2A028F0003400A36316 /* CERestrictedUpdateLabel.swift in Sources */,
				6D08A2B928F0003400A36316 /* CurrencyPickerViewModel.swift in Sources */,
				6D08A29D28F0003400A36316 /* CECurrencyTextField.swift in Sources */,
				6D08A2A828F0003400A36316 /* FreeUntilAmountCommissionProcessor.swift in Sources */,
				6D08A2B528F0003400A36316 /* UIViewExtensions.swift in Sources */,
				6D08A2B428F0003400A36316 /* UIViewControllerExtensions.swift in Sources */,
				6D08A2B028F0003400A36316 /* CCTitleCollectionViewHeader.swift in Sources */,
				6D08A29C28F0003400A36316 /* CEReactiveGradientButton.swift in Sources */,
				6D08A2A428F0003400A36316 /* Utilities.swift in Sources */,
				6D08A2B628F0003400A36316 /* DecimalExtension.swift in Sources */,
				6D08A2BA28F0003400A36316 /* CurrencyPickerModalController.swift in Sources */,
				6D08A2B228F0003400A36316 /* CCReceiveAmountLabel.swift in Sources */,
				6D08A2AC28F0003400A36316 /* CurrencyConverterViewModel.swift in Sources */,
				6D08A29B28F0003400A36316 /* CENavigationController.swift in Sources */,
				6D08A2A928F0003400A36316 /* FreeOfChargeCommissionProcessor.swift in Sources */,
				6D08A2B728F0003400A36316 /* UIButtonExtensions.swift in Sources */,
				6D08A2AF28F0003400A36316 /* CCExchangeOperationView.swift in Sources */,
				6D08A2BB28F0003400A36316 /* CPHeaderView.swift in Sources */,
				6D08A2AB28F0003400A36316 /* Formatters.swift in Sources */,
			);
			runOnlyForDeploymentPostprocessing = 0;
		};
		6D08A23B28F0000400A36316 /* Sources */ = {
			isa = PBXSourcesBuildPhase;
			buildActionMask = 2147483647;
			files = (
				6D08A2D728F0004A00A36316 /* CECurrencyTextFieldTests.swift in Sources */,
				6D08A2DE28F0004A00A36316 /* UserBalanceTests.swift in Sources */,
				6D08A2DC28F0004A00A36316 /* CommissionProcessorTests.swift in Sources */,
				6D08A2DA28F0004A00A36316 /* CurrencyConverterViewModelTests.swift in Sources */,
				6D08A2DB28F0004A00A36316 /* FormattersTests.swift in Sources */,
				6D08A2D828F0004A00A36316 /* CEBalanceLabelTests.swift in Sources */,
				6D08A2D928F0004A00A36316 /* CENavigationControllerTests.swift in Sources */,
				6D08A2D628F0004A00A36316 /* CPInlineButtonViewTests.swift in Sources */,
				6D08A2DD28F0004A00A36316 /* CommissionCalculatorTests.swift in Sources */,
				6D08A2D528F0004A00A36316 /* CurrencyPickerViewModelTests.swift in Sources */,
			);
			runOnlyForDeploymentPostprocessing = 0;
		};
/* End PBXSourcesBuildPhase section */

/* Begin PBXTargetDependency section */
		6D08A24128F0000400A36316 /* PBXTargetDependency */ = {
			isa = PBXTargetDependency;
			target = 6D08A22828F0000200A36316 /* CurrencyExchange */;
			targetProxy = 6D08A24028F0000400A36316 /* PBXContainerItemProxy */;
		};
/* End PBXTargetDependency section */

/* Begin PBXVariantGroup section */
		6D08A26D28F0003400A36316 /* LaunchScreen.storyboard */ = {
			isa = PBXVariantGroup;
			children = (
				6D08A26E28F0003400A36316 /* Base */,
			);
			name = LaunchScreen.storyboard;
			sourceTree = "<group>";
		};
/* End PBXVariantGroup section */

/* Begin XCBuildConfiguration section */
		6D08A25128F0000400A36316 /* Debug */ = {
			isa = XCBuildConfiguration;
			buildSettings = {
				ALWAYS_SEARCH_USER_PATHS = NO;
				CLANG_ANALYZER_NONNULL = YES;
				CLANG_ANALYZER_NUMBER_OBJECT_CONVERSION = YES_AGGRESSIVE;
				CLANG_CXX_LANGUAGE_STANDARD = "gnu++20";
				CLANG_ENABLE_MODULES = YES;
				CLANG_ENABLE_OBJC_ARC = YES;
				CLANG_ENABLE_OBJC_WEAK = YES;
				CLANG_WARN_BLOCK_CAPTURE_AUTORELEASING = YES;
				CLANG_WARN_BOOL_CONVERSION = YES;
				CLANG_WARN_COMMA = YES;
				CLANG_WARN_CONSTANT_CONVERSION = YES;
				CLANG_WARN_DEPRECATED_OBJC_IMPLEMENTATIONS = YES;
				CLANG_WARN_DIRECT_OBJC_ISA_USAGE = YES_ERROR;
				CLANG_WARN_DOCUMENTATION_COMMENTS = YES;
				CLANG_WARN_EMPTY_BODY = YES;
				CLANG_WARN_ENUM_CONVERSION = YES;
				CLANG_WARN_INFINITE_RECURSION = YES;
				CLANG_WARN_INT_CONVERSION = YES;
				CLANG_WARN_NON_LITERAL_NULL_CONVERSION = YES;
				CLANG_WARN_OBJC_IMPLICIT_RETAIN_SELF = YES;
				CLANG_WARN_OBJC_LITERAL_CONVERSION = YES;
				CLANG_WARN_OBJC_ROOT_CLASS = YES_ERROR;
				CLANG_WARN_QUOTED_INCLUDE_IN_FRAMEWORK_HEADER = YES;
				CLANG_WARN_RANGE_LOOP_ANALYSIS = YES;
				CLANG_WARN_STRICT_PROTOTYPES = YES;
				CLANG_WARN_SUSPICIOUS_MOVE = YES;
				CLANG_WARN_UNGUARDED_AVAILABILITY = YES_AGGRESSIVE;
				CLANG_WARN_UNREACHABLE_CODE = YES;
				CLANG_WARN__DUPLICATE_METHOD_MATCH = YES;
				COPY_PHASE_STRIP = NO;
				DEBUG_INFORMATION_FORMAT = dwarf;
				ENABLE_STRICT_OBJC_MSGSEND = YES;
				ENABLE_TESTABILITY = YES;
				GCC_C_LANGUAGE_STANDARD = gnu11;
				GCC_DYNAMIC_NO_PIC = NO;
				GCC_NO_COMMON_BLOCKS = YES;
				GCC_OPTIMIZATION_LEVEL = 0;
				GCC_PREPROCESSOR_DEFINITIONS = (
					"DEBUG=1",
					"$(inherited)",
				);
				GCC_WARN_64_TO_32_BIT_CONVERSION = YES;
				GCC_WARN_ABOUT_RETURN_TYPE = YES_ERROR;
				GCC_WARN_UNDECLARED_SELECTOR = YES;
				GCC_WARN_UNINITIALIZED_AUTOS = YES_AGGRESSIVE;
				GCC_WARN_UNUSED_FUNCTION = YES;
				GCC_WARN_UNUSED_VARIABLE = YES;
				IPHONEOS_DEPLOYMENT_TARGET = 16.0;
				MTL_ENABLE_DEBUG_INFO = INCLUDE_SOURCE;
				MTL_FAST_MATH = YES;
				ONLY_ACTIVE_ARCH = YES;
				SDKROOT = iphoneos;
				SWIFT_ACTIVE_COMPILATION_CONDITIONS = DEBUG;
				SWIFT_OPTIMIZATION_LEVEL = "-Onone";
			};
			name = Debug;
		};
		6D08A25228F0000400A36316 /* Release */ = {
			isa = XCBuildConfiguration;
			buildSettings = {
				ALWAYS_SEARCH_USER_PATHS = NO;
				CLANG_ANALYZER_NONNULL = YES;
				CLANG_ANALYZER_NUMBER_OBJECT_CONVERSION = YES_AGGRESSIVE;
				CLANG_CXX_LANGUAGE_STANDARD = "gnu++20";
				CLANG_ENABLE_MODULES = YES;
				CLANG_ENABLE_OBJC_ARC = YES;
				CLANG_ENABLE_OBJC_WEAK = YES;
				CLANG_WARN_BLOCK_CAPTURE_AUTORELEASING = YES;
				CLANG_WARN_BOOL_CONVERSION = YES;
				CLANG_WARN_COMMA = YES;
				CLANG_WARN_CONSTANT_CONVERSION = YES;
				CLANG_WARN_DEPRECATED_OBJC_IMPLEMENTATIONS = YES;
				CLANG_WARN_DIRECT_OBJC_ISA_USAGE = YES_ERROR;
				CLANG_WARN_DOCUMENTATION_COMMENTS = YES;
				CLANG_WARN_EMPTY_BODY = YES;
				CLANG_WARN_ENUM_CONVERSION = YES;
				CLANG_WARN_INFINITE_RECURSION = YES;
				CLANG_WARN_INT_CONVERSION = YES;
				CLANG_WARN_NON_LITERAL_NULL_CONVERSION = YES;
				CLANG_WARN_OBJC_IMPLICIT_RETAIN_SELF = YES;
				CLANG_WARN_OBJC_LITERAL_CONVERSION = YES;
				CLANG_WARN_OBJC_ROOT_CLASS = YES_ERROR;
				CLANG_WARN_QUOTED_INCLUDE_IN_FRAMEWORK_HEADER = YES;
				CLANG_WARN_RANGE_LOOP_ANALYSIS = YES;
				CLANG_WARN_STRICT_PROTOTYPES = YES;
				CLANG_WARN_SUSPICIOUS_MOVE = YES;
				CLANG_WARN_UNGUARDED_AVAILABILITY = YES_AGGRESSIVE;
				CLANG_WARN_UNREACHABLE_CODE = YES;
				CLANG_WARN__DUPLICATE_METHOD_MATCH = YES;
				COPY_PHASE_STRIP = NO;
				DEBUG_INFORMATION_FORMAT = "dwarf-with-dsym";
				ENABLE_NS_ASSERTIONS = NO;
				ENABLE_STRICT_OBJC_MSGSEND = YES;
				GCC_C_LANGUAGE_STANDARD = gnu11;
				GCC_NO_COMMON_BLOCKS = YES;
				GCC_WARN_64_TO_32_BIT_CONVERSION = YES;
				GCC_WARN_ABOUT_RETURN_TYPE = YES_ERROR;
				GCC_WARN_UNDECLARED_SELECTOR = YES;
				GCC_WARN_UNINITIALIZED_AUTOS = YES_AGGRESSIVE;
				GCC_WARN_UNUSED_FUNCTION = YES;
				GCC_WARN_UNUSED_VARIABLE = YES;
				IPHONEOS_DEPLOYMENT_TARGET = 16.0;
				MTL_ENABLE_DEBUG_INFO = NO;
				MTL_FAST_MATH = YES;
				SDKROOT = iphoneos;
				SWIFT_COMPILATION_MODE = wholemodule;
				SWIFT_OPTIMIZATION_LEVEL = "-O";
				VALIDATE_PRODUCT = YES;
			};
			name = Release;
		};
		6D08A25428F0000400A36316 /* Debug */ = {
			isa = XCBuildConfiguration;
			buildSettings = {
				ASSETCATALOG_COMPILER_APPICON_NAME = AppIcon;
				ASSETCATALOG_COMPILER_GLOBAL_ACCENT_COLOR_NAME = AccentColor;
				CODE_SIGN_STYLE = Automatic;
				CURRENT_PROJECT_VERSION = 1;
				DEVELOPMENT_TEAM = J356PY45R2;
				GENERATE_INFOPLIST_FILE = YES;
				INFOPLIST_FILE = CurrencyExchange/Info.plist;
				INFOPLIST_KEY_UIApplicationSupportsIndirectInputEvents = YES;
				INFOPLIST_KEY_UILaunchStoryboardName = LaunchScreen;
				INFOPLIST_KEY_UIMainStoryboardFile = Main;
				INFOPLIST_KEY_UISupportedInterfaceOrientations_iPad = "UIInterfaceOrientationPortrait UIInterfaceOrientationPortraitUpsideDown UIInterfaceOrientationLandscapeLeft UIInterfaceOrientationLandscapeRight";
				INFOPLIST_KEY_UISupportedInterfaceOrientations_iPhone = "UIInterfaceOrientationPortrait UIInterfaceOrientationLandscapeLeft UIInterfaceOrientationLandscapeRight";
				LD_RUNPATH_SEARCH_PATHS = (
					"$(inherited)",
					"@executable_path/Frameworks",
				);
				MARKETING_VERSION = 1.0;
				PRODUCT_BUNDLE_IDENTIFIER = rocks.beka.CurrencyExchange;
				PRODUCT_NAME = "$(TARGET_NAME)";
				SWIFT_EMIT_LOC_STRINGS = YES;
				SWIFT_VERSION = 5.0;
				TARGETED_DEVICE_FAMILY = "1,2";
			};
			name = Debug;
		};
		6D08A25528F0000400A36316 /* Release */ = {
			isa = XCBuildConfiguration;
			buildSettings = {
				ASSETCATALOG_COMPILER_APPICON_NAME = AppIcon;
				ASSETCATALOG_COMPILER_GLOBAL_ACCENT_COLOR_NAME = AccentColor;
				CODE_SIGN_STYLE = Automatic;
				CURRENT_PROJECT_VERSION = 1;
				DEVELOPMENT_TEAM = J356PY45R2;
				GENERATE_INFOPLIST_FILE = YES;
				INFOPLIST_FILE = CurrencyExchange/Info.plist;
				INFOPLIST_KEY_UIApplicationSupportsIndirectInputEvents = YES;
				INFOPLIST_KEY_UILaunchStoryboardName = LaunchScreen;
				INFOPLIST_KEY_UIMainStoryboardFile = Main;
				INFOPLIST_KEY_UISupportedInterfaceOrientations_iPad = "UIInterfaceOrientationPortrait UIInterfaceOrientationPortraitUpsideDown UIInterfaceOrientationLandscapeLeft UIInterfaceOrientationLandscapeRight";
				INFOPLIST_KEY_UISupportedInterfaceOrientations_iPhone = "UIInterfaceOrientationPortrait UIInterfaceOrientationLandscapeLeft UIInterfaceOrientationLandscapeRight";
				LD_RUNPATH_SEARCH_PATHS = (
					"$(inherited)",
					"@executable_path/Frameworks",
				);
				MARKETING_VERSION = 1.0;
				PRODUCT_BUNDLE_IDENTIFIER = rocks.beka.CurrencyExchange;
				PRODUCT_NAME = "$(TARGET_NAME)";
				SWIFT_EMIT_LOC_STRINGS = YES;
				SWIFT_VERSION = 5.0;
				TARGETED_DEVICE_FAMILY = "1,2";
			};
			name = Release;
		};
		6D08A25728F0000400A36316 /* Debug */ = {
			isa = XCBuildConfiguration;
			buildSettings = {
				ALWAYS_EMBED_SWIFT_STANDARD_LIBRARIES = YES;
				BUNDLE_LOADER = "$(TEST_HOST)";
				CODE_SIGN_STYLE = Automatic;
				CURRENT_PROJECT_VERSION = 1;
				DEVELOPMENT_TEAM = J356PY45R2;
				GENERATE_INFOPLIST_FILE = YES;
				IPHONEOS_DEPLOYMENT_TARGET = 16.0;
				MARKETING_VERSION = 1.0;
				PRODUCT_BUNDLE_IDENTIFIER = rocks.beka.CurrencyExchangeTests;
				PRODUCT_NAME = "$(TARGET_NAME)";
				SWIFT_EMIT_LOC_STRINGS = NO;
				SWIFT_VERSION = 5.0;
				TARGETED_DEVICE_FAMILY = "1,2";
				TEST_HOST = "$(BUILT_PRODUCTS_DIR)/CurrencyExchange.app/$(BUNDLE_EXECUTABLE_FOLDER_PATH)/CurrencyExchange";
			};
			name = Debug;
		};
		6D08A25828F0000400A36316 /* Release */ = {
			isa = XCBuildConfiguration;
			buildSettings = {
				ALWAYS_EMBED_SWIFT_STANDARD_LIBRARIES = YES;
				BUNDLE_LOADER = "$(TEST_HOST)";
				CODE_SIGN_STYLE = Automatic;
				CURRENT_PROJECT_VERSION = 1;
				DEVELOPMENT_TEAM = J356PY45R2;
				GENERATE_INFOPLIST_FILE = YES;
				IPHONEOS_DEPLOYMENT_TARGET = 16.0;
				MARKETING_VERSION = 1.0;
				PRODUCT_BUNDLE_IDENTIFIER = rocks.beka.CurrencyExchangeTests;
				PRODUCT_NAME = "$(TARGET_NAME)";
				SWIFT_EMIT_LOC_STRINGS = NO;
				SWIFT_VERSION = 5.0;
				TARGETED_DEVICE_FAMILY = "1,2";
				TEST_HOST = "$(BUILT_PRODUCTS_DIR)/CurrencyExchange.app/$(BUNDLE_EXECUTABLE_FOLDER_PATH)/CurrencyExchange";
			};
			name = Release;
		};
/* End XCBuildConfiguration section */

/* Begin XCConfigurationList section */
		6D08A22428F0000200A36316 /* Build configuration list for PBXProject "CurrencyExchange" */ = {
			isa = XCConfigurationList;
			buildConfigurations = (
				6D08A25128F0000400A36316 /* Debug */,
				6D08A25228F0000400A36316 /* Release */,
			);
			defaultConfigurationIsVisible = 0;
			defaultConfigurationName = Release;
		};
		6D08A25328F0000400A36316 /* Build configuration list for PBXNativeTarget "CurrencyExchange" */ = {
			isa = XCConfigurationList;
			buildConfigurations = (
				6D08A25428F0000400A36316 /* Debug */,
				6D08A25528F0000400A36316 /* Release */,
			);
			defaultConfigurationIsVisible = 0;
			defaultConfigurationName = Release;
		};
		6D08A25628F0000400A36316 /* Build configuration list for PBXNativeTarget "CurrencyExchangeTests" */ = {
			isa = XCConfigurationList;
			buildConfigurations = (
				6D08A25728F0000400A36316 /* Debug */,
				6D08A25828F0000400A36316 /* Release */,
			);
			defaultConfigurationIsVisible = 0;
			defaultConfigurationName = Release;
		};
/* End XCConfigurationList section */

/* Begin XCRemoteSwiftPackageReference section */
		6D08A2DF28F000F400A36316 /* XCRemoteSwiftPackageReference "RxSwift" */ = {
			isa = XCRemoteSwiftPackageReference;
			repositoryURL = "https://github.com/ReactiveX/RxSwift";
			requirement = {
				kind = upToNextMinorVersion;
				minimumVersion = 6.5.0;
			};
		};
		6D08A2E628F0010F00A36316 /* XCRemoteSwiftPackageReference "PanModal" */ = {
			isa = XCRemoteSwiftPackageReference;
			repositoryURL = "https://github.com/slackhq/PanModal.git";
			requirement = {
				kind = upToNextMinorVersion;
				minimumVersion = 1.2.0;
			};
		};
		6D08A2E928F001B800A36316 /* XCRemoteSwiftPackageReference "ProgressHUD" */ = {
			isa = XCRemoteSwiftPackageReference;
			repositoryURL = "https://github.com/relatedcode/ProgressHUD";
			requirement = {
				kind = upToNextMinorVersion;
				minimumVersion = 13.6.0;
			};
		};
		6D08A2EC28F001D600A36316 /* XCRemoteSwiftPackageReference "SnapKit" */ = {
			isa = XCRemoteSwiftPackageReference;
			repositoryURL = "https://github.com/SnapKit/SnapKit";
			requirement = {
				kind = upToNextMinorVersion;
				minimumVersion = 5.6.0;
			};
		};
		6D08A2EF28F001EE00A36316 /* XCRemoteSwiftPackageReference "Factory" */ = {
			isa = XCRemoteSwiftPackageReference;
			repositoryURL = "https://github.com/hmlongco/Factory";
			requirement = {
				kind = upToNextMinorVersion;
				minimumVersion = 1.2.0;
			};
		};
/* End XCRemoteSwiftPackageReference section */

/* Begin XCSwiftPackageProductDependency section */
		6D08A2E028F000F400A36316 /* RxCocoa */ = {
			isa = XCSwiftPackageProductDependency;
			package = 6D08A2DF28F000F400A36316 /* XCRemoteSwiftPackageReference "RxSwift" */;
			productName = RxCocoa;
		};
		6D08A2E228F000F400A36316 /* RxRelay */ = {
			isa = XCSwiftPackageProductDependency;
			package = 6D08A2DF28F000F400A36316 /* XCRemoteSwiftPackageReference "RxSwift" */;
			productName = RxRelay;
		};
		6D08A2E428F000F400A36316 /* RxSwift */ = {
			isa = XCSwiftPackageProductDependency;
			package = 6D08A2DF28F000F400A36316 /* XCRemoteSwiftPackageReference "RxSwift" */;
			productName = RxSwift;
		};
		6D08A2E728F0010F00A36316 /* PanModal */ = {
			isa = XCSwiftPackageProductDependency;
			package = 6D08A2E628F0010F00A36316 /* XCRemoteSwiftPackageReference "PanModal" */;
			productName = PanModal;
		};
		6D08A2EA28F001B800A36316 /* ProgressHUD */ = {
			isa = XCSwiftPackageProductDependency;
			package = 6D08A2E928F001B800A36316 /* XCRemoteSwiftPackageReference "ProgressHUD" */;
			productName = ProgressHUD;
		};
		6D08A2ED28F001D600A36316 /* SnapKit */ = {
			isa = XCSwiftPackageProductDependency;
			package = 6D08A2EC28F001D600A36316 /* XCRemoteSwiftPackageReference "SnapKit" */;
			productName = SnapKit;
		};
		6D08A2F028F001EE00A36316 /* Factory */ = {
			isa = XCSwiftPackageProductDependency;
			package = 6D08A2EF28F001EE00A36316 /* XCRemoteSwiftPackageReference "Factory" */;
			productName = Factory;
		};
/* End XCSwiftPackageProductDependency section */
	};
	rootObject = 6D08A22128F0000200A36316 /* Project object */;
}
