// !$*UTF8*$!
{
	archiveVersion = 1;
	classes = {
	};
	objectVersion = 56;
	objects = {

/* Begin PBXBuildFile section */
		6D08A22D28F0000200A36316 /* AppDelegate.swift in Sources */ = {isa = PBXBuildFile; fileRef = 6D08A22C28F0000200A36316 /* AppDelegate.swift */; };
		6D08A22F28F0000200A36316 /* SceneDelegate.swift in Sources */ = {isa = PBXBuildFile; fileRef = 6D08A22E28F0000200A36316 /* SceneDelegate.swift */; };
		6D08A23128F0000200A36316 /* ViewController.swift in Sources */ = {isa = PBXBuildFile; fileRef = 6D08A23028F0000200A36316 /* ViewController.swift */; };
		6D08A23428F0000200A36316 /* Main.storyboard in Resources */ = {isa = PBXBuildFile; fileRef = 6D08A23228F0000200A36316 /* Main.storyboard */; };
		6D08A23628F0000400A36316 /* Assets.xcassets in Resources */ = {isa = PBXBuildFile; fileRef = 6D08A23528F0000400A36316 /* Assets.xcassets */; };
		6D08A23928F0000400A36316 /* LaunchScreen.storyboard in Resources */ = {isa = PBXBuildFile; fileRef = 6D08A23728F0000400A36316 /* LaunchScreen.storyboard */; };
		6D08A24428F0000400A36316 /* CurrencyExchangeTests.swift in Sources */ = {isa = PBXBuildFile; fileRef = 6D08A24328F0000400A36316 /* CurrencyExchangeTests.swift */; };
		6D08A24E28F0000400A36316 /* CurrencyExchangeUITests.swift in Sources */ = {isa = PBXBuildFile; fileRef = 6D08A24D28F0000400A36316 /* CurrencyExchangeUITests.swift */; };
		6D08A25028F0000400A36316 /* CurrencyExchangeUITestsLaunchTests.swift in Sources */ = {isa = PBXBuildFile; fileRef = 6D08A24F28F0000400A36316 /* CurrencyExchangeUITestsLaunchTests.swift */; };
/* End PBXBuildFile section */

/* Begin PBXContainerItemProxy section */
		6D08A24028F0000400A36316 /* PBXContainerItemProxy */ = {
			isa = PBXContainerItemProxy;
			containerPortal = 6D08A22128F0000200A36316 /* Project object */;
			proxyType = 1;
			remoteGlobalIDString = 6D08A22828F0000200A36316;
			remoteInfo = CurrencyExchange;
		};
		6D08A24A28F0000400A36316 /* PBXContainerItemProxy */ = {
			isa = PBXContainerItemProxy;
			containerPortal = 6D08A22128F0000200A36316 /* Project object */;
			proxyType = 1;
			remoteGlobalIDString = 6D08A22828F0000200A36316;
			remoteInfo = CurrencyExchange;
		};
/* End PBXContainerItemProxy section */

/* Begin PBXFileReference section */
		6D08A22928F0000200A36316 /* CurrencyExchange.app */ = {isa = PBXFileReference; explicitFileType = wrapper.application; includeInIndex = 0; path = CurrencyExchange.app; sourceTree = BUILT_PRODUCTS_DIR; };
		6D08A22C28F0000200A36316 /* AppDelegate.swift */ = {isa = PBXFileReference; lastKnownFileType = sourcecode.swift; path = AppDelegate.swift; sourceTree = "<group>"; };
		6D08A22E28F0000200A36316 /* SceneDelegate.swift */ = {isa = PBXFileReference; lastKnownFileType = sourcecode.swift; path = SceneDelegate.swift; sourceTree = "<group>"; };
		6D08A23028F0000200A36316 /* ViewController.swift */ = {isa = PBXFileReference; lastKnownFileType = sourcecode.swift; path = ViewController.swift; sourceTree = "<group>"; };
		6D08A23328F0000200A36316 /* Base */ = {isa = PBXFileReference; lastKnownFileType = file.storyboard; name = Base; path = Base.lproj/Main.storyboard; sourceTree = "<group>"; };
		6D08A23528F0000400A36316 /* Assets.xcassets */ = {isa = PBXFileReference; lastKnownFileType = folder.assetcatalog; path = Assets.xcassets; sourceTree = "<group>"; };
		6D08A23828F0000400A36316 /* Base */ = {isa = PBXFileReference; lastKnownFileType = file.storyboard; name = Base; path = Base.lproj/LaunchScreen.storyboard; sourceTree = "<group>"; };
		6D08A23A28F0000400A36316 /* Info.plist */ = {isa = PBXFileReference; lastKnownFileType = text.plist.xml; path = Info.plist; sourceTree = "<group>"; };
		6D08A23F28F0000400A36316 /* CurrencyExchangeTests.xctest */ = {isa = PBXFileReference; explicitFileType = wrapper.cfbundle; includeInIndex = 0; path = CurrencyExchangeTests.xctest; sourceTree = BUILT_PRODUCTS_DIR; };
		6D08A24328F0000400A36316 /* CurrencyExchangeTests.swift */ = {isa = PBXFileReference; lastKnownFileType = sourcecode.swift; path = CurrencyExchangeTests.swift; sourceTree = "<group>"; };
		6D08A24928F0000400A36316 /* CurrencyExchangeUITests.xctest */ = {isa = PBXFileReference; explicitFileType = wrapper.cfbundle; includeInIndex = 0; path = CurrencyExchangeUITests.xctest; sourceTree = BUILT_PRODUCTS_DIR; };
		6D08A24D28F0000400A36316 /* CurrencyExchangeUITests.swift */ = {isa = PBXFileReference; lastKnownFileType = sourcecode.swift; path = CurrencyExchangeUITests.swift; sourceTree = "<group>"; };
		6D08A24F28F0000400A36316 /* CurrencyExchangeUITestsLaunchTests.swift */ = {isa = PBXFileReference; lastKnownFileType = sourcecode.swift; path = CurrencyExchangeUITestsLaunchTests.swift; sourceTree = "<group>"; };
/* End PBXFileReference section */

/* Begin PBXFrameworksBuildPhase section */
		6D08A22628F0000200A36316 /* Frameworks */ = {
			isa = PBXFrameworksBuildPhase;
			buildActionMask = 2147483647;
			files = (
			);
			runOnlyForDeploymentPostprocessing = 0;
		};
		6D08A23C28F0000400A36316 /* Frameworks */ = {
			isa = PBXFrameworksBuildPhase;
			buildActionMask = 2147483647;
			files = (
			);
			runOnlyForDeploymentPostprocessing = 0;
		};
		6D08A24628F0000400A36316 /* Frameworks */ = {
			isa = PBXFrameworksBuildPhase;
			buildActionMask = 2147483647;
			files = (
			);
			runOnlyForDeploymentPostprocessing = 0;
		};
/* End PBXFrameworksBuildPhase section */

/* Begin PBXGroup section */
		6D08A22028F0000200A36316 = {
			isa = PBXGroup;
			children = (
				6D08A22B28F0000200A36316 /* CurrencyExchange */,
				6D08A24228F0000400A36316 /* CurrencyExchangeTests */,
				6D08A24C28F0000400A36316 /* CurrencyExchangeUITests */,
				6D08A22A28F0000200A36316 /* Products */,
			);
			sourceTree = "<group>";
		};
		6D08A22A28F0000200A36316 /* Products */ = {
			isa = PBXGroup;
			children = (
				6D08A22928F0000200A36316 /* CurrencyExchange.app */,
				6D08A23F28F0000400A36316 /* CurrencyExchangeTests.xctest */,
				6D08A24928F0000400A36316 /* CurrencyExchangeUITests.xctest */,
			);
			name = Products;
			sourceTree = "<group>";
		};
		6D08A22B28F0000200A36316 /* CurrencyExchange */ = {
			isa = PBXGroup;
			children = (
				6D08A22C28F0000200A36316 /* AppDelegate.swift */,
				6D08A22E28F0000200A36316 /* SceneDelegate.swift */,
				6D08A23028F0000200A36316 /* ViewController.swift */,
				6D08A23228F0000200A36316 /* Main.storyboard */,
				6D08A23528F0000400A36316 /* Assets.xcassets */,
				6D08A23728F0000400A36316 /* LaunchScreen.storyboard */,
				6D08A23A28F0000400A36316 /* Info.plist */,
			);
			path = CurrencyExchange;
			sourceTree = "<group>";
		};
		6D08A24228F0000400A36316 /* CurrencyExchangeTests */ = {
			isa = PBXGroup;
			children = (
				6D08A24328F0000400A36316 /* CurrencyExchangeTests.swift */,
			);
			path = CurrencyExchangeTests;
			sourceTree = "<group>";
		};
		6D08A24C28F0000400A36316 /* CurrencyExchangeUITests */ = {
			isa = PBXGroup;
			children = (
				6D08A24D28F0000400A36316 /* CurrencyExchangeUITests.swift */,
				6D08A24F28F0000400A36316 /* CurrencyExchangeUITestsLaunchTests.swift */,
			);
			path = CurrencyExchangeUITests;
			sourceTree = "<group>";
		};
/* End PBXGroup section */

/* Begin PBXNativeTarget section */
		6D08A22828F0000200A36316 /* CurrencyExchange */ = {
			isa = PBXNativeTarget;
			buildConfigurationList = 6D08A25328F0000400A36316 /* Build configuration list for PBXNativeTarget "CurrencyExchange" */;
			buildPhases = (
				6D08A22528F0000200A36316 /* Sources */,
				6D08A22628F0000200A36316 /* Frameworks */,
				6D08A22728F0000200A36316 /* Resources */,
			);
			buildRules = (
			);
			dependencies = (
			);
			name = CurrencyExchange;
			productName = CurrencyExchange;
			productReference = 6D08A22928F0000200A36316 /* CurrencyExchange.app */;
			productType = "com.apple.product-type.application";
		};
		6D08A23E28F0000400A36316 /* CurrencyExchangeTests */ = {
			isa = PBXNativeTarget;
			buildConfigurationList = 6D08A25628F0000400A36316 /* Build configuration list for PBXNativeTarget "CurrencyExchangeTests" */;
			buildPhases = (
				6D08A23B28F0000400A36316 /* Sources */,
				6D08A23C28F0000400A36316 /* Frameworks */,
				6D08A23D28F0000400A36316 /* Resources */,
			);
			buildRules = (
			);
			dependencies = (
				6D08A24128F0000400A36316 /* PBXTargetDependency */,
			);
			name = CurrencyExchangeTests;
			productName = CurrencyExchangeTests;
			productReference = 6D08A23F28F0000400A36316 /* CurrencyExchangeTests.xctest */;
			productType = "com.apple.product-type.bundle.unit-test";
		};
		6D08A24828F0000400A36316 /* CurrencyExchangeUITests */ = {
			isa = PBXNativeTarget;
			buildConfigurationList = 6D08A25928F0000400A36316 /* Build configuration list for PBXNativeTarget "CurrencyExchangeUITests" */;
			buildPhases = (
				6D08A24528F0000400A36316 /* Sources */,
				6D08A24628F0000400A36316 /* Frameworks */,
				6D08A24728F0000400A36316 /* Resources */,
			);
			buildRules = (
			);
			dependencies = (
				6D08A24B28F0000400A36316 /* PBXTargetDependency */,
			);
			name = CurrencyExchangeUITests;
			productName = CurrencyExchangeUITests;
			productReference = 6D08A24928F0000400A36316 /* CurrencyExchangeUITests.xctest */;
			productType = "com.apple.product-type.bundle.ui-testing";
		};
/* End PBXNativeTarget section */

/* Begin PBXProject section */
		6D08A22128F0000200A36316 /* Project object */ = {
			isa = PBXProject;
			attributes = {
				BuildIndependentTargetsInParallel = 1;
				LastSwiftUpdateCheck = 1400;
				LastUpgradeCheck = 1400;
				TargetAttributes = {
					6D08A22828F0000200A36316 = {
						CreatedOnToolsVersion = 14.0.1;
					};
					6D08A23E28F0000400A36316 = {
						CreatedOnToolsVersion = 14.0.1;
						TestTargetID = 6D08A22828F0000200A36316;
					};
					6D08A24828F0000400A36316 = {
						CreatedOnToolsVersion = 14.0.1;
						TestTargetID = 6D08A22828F0000200A36316;
					};
				};
			};
			buildConfigurationList = 6D08A22428F0000200A36316 /* Build configuration list for PBXProject "CurrencyExchange" */;
			compatibilityVersion = "Xcode 14.0";
			developmentRegion = en;
			hasScannedForEncodings = 0;
			knownRegions = (
				en,
				Base,
			);
			mainGroup = 6D08A22028F0000200A36316;
			productRefGroup = 6D08A22A28F0000200A36316 /* Products */;
			projectDirPath = "";
			projectRoot = "";
			targets = (
				6D08A22828F0000200A36316 /* CurrencyExchange */,
				6D08A23E28F0000400A36316 /* CurrencyExchangeTests */,
				6D08A24828F0000400A36316 /* CurrencyExchangeUITests */,
			);
		};
/* End PBXProject section */

/* Begin PBXResourcesBuildPhase section */
		6D08A22728F0000200A36316 /* Resources */ = {
			isa = PBXResourcesBuildPhase;
			buildActionMask = 2147483647;
			files = (
				6D08A23928F0000400A36316 /* LaunchScreen.storyboard in Resources */,
				6D08A23628F0000400A36316 /* Assets.xcassets in Resources */,
				6D08A23428F0000200A36316 /* Main.storyboard in Resources */,
			);
			runOnlyForDeploymentPostprocessing = 0;
		};
		6D08A23D28F0000400A36316 /* Resources */ = {
			isa = PBXResourcesBuildPhase;
			buildActionMask = 2147483647;
			files = (
			);
			runOnlyForDeploymentPostprocessing = 0;
		};
		6D08A24728F0000400A36316 /* Resources */ = {
			isa = PBXResourcesBuildPhase;
			buildActionMask = 2147483647;
			files = (
			);
			runOnlyForDeploymentPostprocessing = 0;
		};
/* End PBXResourcesBuildPhase section */

/* Begin PBXSourcesBuildPhase section */
		6D08A22528F0000200A36316 /* Sources */ = {
			isa = PBXSourcesBuildPhase;
			buildActionMask = 2147483647;
			files = (
				6D08A23128F0000200A36316 /* ViewController.swift in Sources */,
				6D08A22D28F0000200A36316 /* AppDelegate.swift in Sources */,
				6D08A22F28F0000200A36316 /* SceneDelegate.swift in Sources */,
			);
			runOnlyForDeploymentPostprocessing = 0;
		};
		6D08A23B28F0000400A36316 /* Sources */ = {
			isa = PBXSourcesBuildPhase;
			buildActionMask = 2147483647;
			files = (
				6D08A24428F0000400A36316 /* CurrencyExchangeTests.swift in Sources */,
			);
			runOnlyForDeploymentPostprocessing = 0;
		};
		6D08A24528F0000400A36316 /* Sources */ = {
			isa = PBXSourcesBuildPhase;
			buildActionMask = 2147483647;
			files = (
				6D08A25028F0000400A36316 /* CurrencyExchangeUITestsLaunchTests.swift in Sources */,
				6D08A24E28F0000400A36316 /* CurrencyExchangeUITests.swift in Sources */,
			);
			runOnlyForDeploymentPostprocessing = 0;
		};
/* End PBXSourcesBuildPhase section */

/* Begin PBXTargetDependency section */
		6D08A24128F0000400A36316 /* PBXTargetDependency */ = {
			isa = PBXTargetDependency;
			target = 6D08A22828F0000200A36316 /* CurrencyExchange */;
			targetProxy = 6D08A24028F0000400A36316 /* PBXContainerItemProxy */;
		};
		6D08A24B28F0000400A36316 /* PBXTargetDependency */ = {
			isa = PBXTargetDependency;
			target = 6D08A22828F0000200A36316 /* CurrencyExchange */;
			targetProxy = 6D08A24A28F0000400A36316 /* PBXContainerItemProxy */;
		};
/* End PBXTargetDependency section */

/* Begin PBXVariantGroup section */
		6D08A23228F0000200A36316 /* Main.storyboard */ = {
			isa = PBXVariantGroup;
			children = (
				6D08A23328F0000200A36316 /* Base */,
			);
			name = Main.storyboard;
			sourceTree = "<group>";
		};
		6D08A23728F0000400A36316 /* LaunchScreen.storyboard */ = {
			isa = PBXVariantGroup;
			children = (
				6D08A23828F0000400A36316 /* Base */,
			);
			name = LaunchScreen.storyboard;
			sourceTree = "<group>";
		};
/* End PBXVariantGroup section */

/* Begin XCBuildConfiguration section */
		6D08A25128F0000400A36316 /* Debug */ = {
			isa = XCBuildConfiguration;
			buildSettings = {
				ALWAYS_SEARCH_USER_PATHS = NO;
				CLANG_ANALYZER_NONNULL = YES;
				CLANG_ANALYZER_NUMBER_OBJECT_CONVERSION = YES_AGGRESSIVE;
				CLANG_CXX_LANGUAGE_STANDARD = "gnu++20";
				CLANG_ENABLE_MODULES = YES;
				CLANG_ENABLE_OBJC_ARC = YES;
				CLANG_ENABLE_OBJC_WEAK = YES;
				CLANG_WARN_BLOCK_CAPTURE_AUTORELEASING = YES;
				CLANG_WARN_BOOL_CONVERSION = YES;
				CLANG_WARN_COMMA = YES;
				CLANG_WARN_CONSTANT_CONVERSION = YES;
				CLANG_WARN_DEPRECATED_OBJC_IMPLEMENTATIONS = YES;
				CLANG_WARN_DIRECT_OBJC_ISA_USAGE = YES_ERROR;
				CLANG_WARN_DOCUMENTATION_COMMENTS = YES;
				CLANG_WARN_EMPTY_BODY = YES;
				CLANG_WARN_ENUM_CONVERSION = YES;
				CLANG_WARN_INFINITE_RECURSION = YES;
				CLANG_WARN_INT_CONVERSION = YES;
				CLANG_WARN_NON_LITERAL_NULL_CONVERSION = YES;
				CLANG_WARN_OBJC_IMPLICIT_RETAIN_SELF = YES;
				CLANG_WARN_OBJC_LITERAL_CONVERSION = YES;
				CLANG_WARN_OBJC_ROOT_CLASS = YES_ERROR;
				CLANG_WARN_QUOTED_INCLUDE_IN_FRAMEWORK_HEADER = YES;
				CLANG_WARN_RANGE_LOOP_ANALYSIS = YES;
				CLANG_WARN_STRICT_PROTOTYPES = YES;
				CLANG_WARN_SUSPICIOUS_MOVE = YES;
				CLANG_WARN_UNGUARDED_AVAILABILITY = YES_AGGRESSIVE;
				CLANG_WARN_UNREACHABLE_CODE = YES;
				CLANG_WARN__DUPLICATE_METHOD_MATCH = YES;
				COPY_PHASE_STRIP = NO;
				DEBUG_INFORMATION_FORMAT = dwarf;
				ENABLE_STRICT_OBJC_MSGSEND = YES;
				ENABLE_TESTABILITY = YES;
				GCC_C_LANGUAGE_STANDARD = gnu11;
				GCC_DYNAMIC_NO_PIC = NO;
				GCC_NO_COMMON_BLOCKS = YES;
				GCC_OPTIMIZATION_LEVEL = 0;
				GCC_PREPROCESSOR_DEFINITIONS = (
					"DEBUG=1",
					"$(inherited)",
				);
				GCC_WARN_64_TO_32_BIT_CONVERSION = YES;
				GCC_WARN_ABOUT_RETURN_TYPE = YES_ERROR;
				GCC_WARN_UNDECLARED_SELECTOR = YES;
				GCC_WARN_UNINITIALIZED_AUTOS = YES_AGGRESSIVE;
				GCC_WARN_UNUSED_FUNCTION = YES;
				GCC_WARN_UNUSED_VARIABLE = YES;
				IPHONEOS_DEPLOYMENT_TARGET = 16.0;
				MTL_ENABLE_DEBUG_INFO = INCLUDE_SOURCE;
				MTL_FAST_MATH = YES;
				ONLY_ACTIVE_ARCH = YES;
				SDKROOT = iphoneos;
				SWIFT_ACTIVE_COMPILATION_CONDITIONS = DEBUG;
				SWIFT_OPTIMIZATION_LEVEL = "-Onone";
			};
			name = Debug;
		};
		6D08A25228F0000400A36316 /* Release */ = {
			isa = XCBuildConfiguration;
			buildSettings = {
				ALWAYS_SEARCH_USER_PATHS = NO;
				CLANG_ANALYZER_NONNULL = YES;
				CLANG_ANALYZER_NUMBER_OBJECT_CONVERSION = YES_AGGRESSIVE;
				CLANG_CXX_LANGUAGE_STANDARD = "gnu++20";
				CLANG_ENABLE_MODULES = YES;
				CLANG_ENABLE_OBJC_ARC = YES;
				CLANG_ENABLE_OBJC_WEAK = YES;
				CLANG_WARN_BLOCK_CAPTURE_AUTORELEASING = YES;
				CLANG_WARN_BOOL_CONVERSION = YES;
				CLANG_WARN_COMMA = YES;
				CLANG_WARN_CONSTANT_CONVERSION = YES;
				CLANG_WARN_DEPRECATED_OBJC_IMPLEMENTATIONS = YES;
				CLANG_WARN_DIRECT_OBJC_ISA_USAGE = YES_ERROR;
				CLANG_WARN_DOCUMENTATION_COMMENTS = YES;
				CLANG_WARN_EMPTY_BODY = YES;
				CLANG_WARN_ENUM_CONVERSION = YES;
				CLANG_WARN_INFINITE_RECURSION = YES;
				CLANG_WARN_INT_CONVERSION = YES;
				CLANG_WARN_NON_LITERAL_NULL_CONVERSION = YES;
				CLANG_WARN_OBJC_IMPLICIT_RETAIN_SELF = YES;
				CLANG_WARN_OBJC_LITERAL_CONVERSION = YES;
				CLANG_WARN_OBJC_ROOT_CLASS = YES_ERROR;
				CLANG_WARN_QUOTED_INCLUDE_IN_FRAMEWORK_HEADER = YES;
				CLANG_WARN_RANGE_LOOP_ANALYSIS = YES;
				CLANG_WARN_STRICT_PROTOTYPES = YES;
				CLANG_WARN_SUSPICIOUS_MOVE = YES;
				CLANG_WARN_UNGUARDED_AVAILABILITY = YES_AGGRESSIVE;
				CLANG_WARN_UNREACHABLE_CODE = YES;
				CLANG_WARN__DUPLICATE_METHOD_MATCH = YES;
				COPY_PHASE_STRIP = NO;
				DEBUG_INFORMATION_FORMAT = "dwarf-with-dsym";
				ENABLE_NS_ASSERTIONS = NO;
				ENABLE_STRICT_OBJC_MSGSEND = YES;
				GCC_C_LANGUAGE_STANDARD = gnu11;
				GCC_NO_COMMON_BLOCKS = YES;
				GCC_WARN_64_TO_32_BIT_CONVERSION = YES;
				GCC_WARN_ABOUT_RETURN_TYPE = YES_ERROR;
				GCC_WARN_UNDECLARED_SELECTOR = YES;
				GCC_WARN_UNINITIALIZED_AUTOS = YES_AGGRESSIVE;
				GCC_WARN_UNUSED_FUNCTION = YES;
				GCC_WARN_UNUSED_VARIABLE = YES;
				IPHONEOS_DEPLOYMENT_TARGET = 16.0;
				MTL_ENABLE_DEBUG_INFO = NO;
				MTL_FAST_MATH = YES;
				SDKROOT = iphoneos;
				SWIFT_COMPILATION_MODE = wholemodule;
				SWIFT_OPTIMIZATION_LEVEL = "-O";
				VALIDATE_PRODUCT = YES;
			};
			name = Release;
		};
		6D08A25428F0000400A36316 /* Debug */ = {
			isa = XCBuildConfiguration;
			buildSettings = {
				ASSETCATALOG_COMPILER_APPICON_NAME = AppIcon;
				ASSETCATALOG_COMPILER_GLOBAL_ACCENT_COLOR_NAME = AccentColor;
				CODE_SIGN_STYLE = Automatic;
				CURRENT_PROJECT_VERSION = 1;
				DEVELOPMENT_TEAM = J356PY45R2;
				GENERATE_INFOPLIST_FILE = YES;
				INFOPLIST_FILE = CurrencyExchange/Info.plist;
				INFOPLIST_KEY_UIApplicationSupportsIndirectInputEvents = YES;
				INFOPLIST_KEY_UILaunchStoryboardName = LaunchScreen;
				INFOPLIST_KEY_UIMainStoryboardFile = Main;
				INFOPLIST_KEY_UISupportedInterfaceOrientations_iPad = "UIInterfaceOrientationPortrait UIInterfaceOrientationPortraitUpsideDown UIInterfaceOrientationLandscapeLeft UIInterfaceOrientationLandscapeRight";
				INFOPLIST_KEY_UISupportedInterfaceOrientations_iPhone = "UIInterfaceOrientationPortrait UIInterfaceOrientationLandscapeLeft UIInterfaceOrientationLandscapeRight";
				LD_RUNPATH_SEARCH_PATHS = (
					"$(inherited)",
					"@executable_path/Frameworks",
				);
				MARKETING_VERSION = 1.0;
				PRODUCT_BUNDLE_IDENTIFIER = rocks.beka.CurrencyExchange;
				PRODUCT_NAME = "$(TARGET_NAME)";
				SWIFT_EMIT_LOC_STRINGS = YES;
				SWIFT_VERSION = 5.0;
				TARGETED_DEVICE_FAMILY = "1,2";
			};
			name = Debug;
		};
		6D08A25528F0000400A36316 /* Release */ = {
			isa = XCBuildConfiguration;
			buildSettings = {
				ASSETCATALOG_COMPILER_APPICON_NAME = AppIcon;
				ASSETCATALOG_COMPILER_GLOBAL_ACCENT_COLOR_NAME = AccentColor;
				CODE_SIGN_STYLE = Automatic;
				CURRENT_PROJECT_VERSION = 1;
				DEVELOPMENT_TEAM = J356PY45R2;
				GENERATE_INFOPLIST_FILE = YES;
				INFOPLIST_FILE = CurrencyExchange/Info.plist;
				INFOPLIST_KEY_UIApplicationSupportsIndirectInputEvents = YES;
				INFOPLIST_KEY_UILaunchStoryboardName = LaunchScreen;
				INFOPLIST_KEY_UIMainStoryboardFile = Main;
				INFOPLIST_KEY_UISupportedInterfaceOrientations_iPad = "UIInterfaceOrientationPortrait UIInterfaceOrientationPortraitUpsideDown UIInterfaceOrientationLandscapeLeft UIInterfaceOrientationLandscapeRight";
				INFOPLIST_KEY_UISupportedInterfaceOrientations_iPhone = "UIInterfaceOrientationPortrait UIInterfaceOrientationLandscapeLeft UIInterfaceOrientationLandscapeRight";
				LD_RUNPATH_SEARCH_PATHS = (
					"$(inherited)",
					"@executable_path/Frameworks",
				);
				MARKETING_VERSION = 1.0;
				PRODUCT_BUNDLE_IDENTIFIER = rocks.beka.CurrencyExchange;
				PRODUCT_NAME = "$(TARGET_NAME)";
				SWIFT_EMIT_LOC_STRINGS = YES;
				SWIFT_VERSION = 5.0;
				TARGETED_DEVICE_FAMILY = "1,2";
			};
			name = Release;
		};
		6D08A25728F0000400A36316 /* Debug */ = {
			isa = XCBuildConfiguration;
			buildSettings = {
				ALWAYS_EMBED_SWIFT_STANDARD_LIBRARIES = YES;
				BUNDLE_LOADER = "$(TEST_HOST)";
				CODE_SIGN_STYLE = Automatic;
				CURRENT_PROJECT_VERSION = 1;
				DEVELOPMENT_TEAM = J356PY45R2;
				GENERATE_INFOPLIST_FILE = YES;
				IPHONEOS_DEPLOYMENT_TARGET = 16.0;
				MARKETING_VERSION = 1.0;
				PRODUCT_BUNDLE_IDENTIFIER = rocks.beka.CurrencyExchangeTests;
				PRODUCT_NAME = "$(TARGET_NAME)";
				SWIFT_EMIT_LOC_STRINGS = NO;
				SWIFT_VERSION = 5.0;
				TARGETED_DEVICE_FAMILY = "1,2";
				TEST_HOST = "$(BUILT_PRODUCTS_DIR)/CurrencyExchange.app/$(BUNDLE_EXECUTABLE_FOLDER_PATH)/CurrencyExchange";
			};
			name = Debug;
		};
		6D08A25828F0000400A36316 /* Release */ = {
			isa = XCBuildConfiguration;
			buildSettings = {
				ALWAYS_EMBED_SWIFT_STANDARD_LIBRARIES = YES;
				BUNDLE_LOADER = "$(TEST_HOST)";
				CODE_SIGN_STYLE = Automatic;
				CURRENT_PROJECT_VERSION = 1;
				DEVELOPMENT_TEAM = J356PY45R2;
				GENERATE_INFOPLIST_FILE = YES;
				IPHONEOS_DEPLOYMENT_TARGET = 16.0;
				MARKETING_VERSION = 1.0;
				PRODUCT_BUNDLE_IDENTIFIER = rocks.beka.CurrencyExchangeTests;
				PRODUCT_NAME = "$(TARGET_NAME)";
				SWIFT_EMIT_LOC_STRINGS = NO;
				SWIFT_VERSION = 5.0;
				TARGETED_DEVICE_FAMILY = "1,2";
				TEST_HOST = "$(BUILT_PRODUCTS_DIR)/CurrencyExchange.app/$(BUNDLE_EXECUTABLE_FOLDER_PATH)/CurrencyExchange";
			};
			name = Release;
		};
		6D08A25A28F0000400A36316 /* Debug */ = {
			isa = XCBuildConfiguration;
			buildSettings = {
				ALWAYS_EMBED_SWIFT_STANDARD_LIBRARIES = YES;
				CODE_SIGN_STYLE = Automatic;
				CURRENT_PROJECT_VERSION = 1;
				DEVELOPMENT_TEAM = J356PY45R2;
				GENERATE_INFOPLIST_FILE = YES;
				MARKETING_VERSION = 1.0;
				PRODUCT_BUNDLE_IDENTIFIER = rocks.beka.CurrencyExchangeUITests;
				PRODUCT_NAME = "$(TARGET_NAME)";
				SWIFT_EMIT_LOC_STRINGS = NO;
				SWIFT_VERSION = 5.0;
				TARGETED_DEVICE_FAMILY = "1,2";
				TEST_TARGET_NAME = CurrencyExchange;
			};
			name = Debug;
		};
		6D08A25B28F0000400A36316 /* Release */ = {
			isa = XCBuildConfiguration;
			buildSettings = {
				ALWAYS_EMBED_SWIFT_STANDARD_LIBRARIES = YES;
				CODE_SIGN_STYLE = Automatic;
				CURRENT_PROJECT_VERSION = 1;
				DEVELOPMENT_TEAM = J356PY45R2;
				GENERATE_INFOPLIST_FILE = YES;
				MARKETING_VERSION = 1.0;
				PRODUCT_BUNDLE_IDENTIFIER = rocks.beka.CurrencyExchangeUITests;
				PRODUCT_NAME = "$(TARGET_NAME)";
				SWIFT_EMIT_LOC_STRINGS = NO;
				SWIFT_VERSION = 5.0;
				TARGETED_DEVICE_FAMILY = "1,2";
				TEST_TARGET_NAME = CurrencyExchange;
			};
			name = Release;
		};
/* End XCBuildConfiguration section */

/* Begin XCConfigurationList section */
		6D08A22428F0000200A36316 /* Build configuration list for PBXProject "CurrencyExchange" */ = {
			isa = XCConfigurationList;
			buildConfigurations = (
				6D08A25128F0000400A36316 /* Debug */,
				6D08A25228F0000400A36316 /* Release */,
			);
			defaultConfigurationIsVisible = 0;
			defaultConfigurationName = Release;
		};
		6D08A25328F0000400A36316 /* Build configuration list for PBXNativeTarget "CurrencyExchange" */ = {
			isa = XCConfigurationList;
			buildConfigurations = (
				6D08A25428F0000400A36316 /* Debug */,
				6D08A25528F0000400A36316 /* Release */,
			);
			defaultConfigurationIsVisible = 0;
			defaultConfigurationName = Release;
		};
		6D08A25628F0000400A36316 /* Build configuration list for PBXNativeTarget "CurrencyExchangeTests" */ = {
			isa = XCConfigurationList;
			buildConfigurations = (
				6D08A25728F0000400A36316 /* Debug */,
				6D08A25828F0000400A36316 /* Release */,
			);
			defaultConfigurationIsVisible = 0;
			defaultConfigurationName = Release;
		};
		6D08A25928F0000400A36316 /* Build configuration list for PBXNativeTarget "CurrencyExchangeUITests" */ = {
			isa = XCConfigurationList;
			buildConfigurations = (
				6D08A25A28F0000400A36316 /* Debug */,
				6D08A25B28F0000400A36316 /* Release */,
			);
			defaultConfigurationIsVisible = 0;
			defaultConfigurationName = Release;
		};
/* End XCConfigurationList section */
	};
	rootObject = 6D08A22128F0000200A36316 /* Project object */;
}
